// !$*UTF8*$!
{
	archiveVersion = 1;
	classes = {
	};
	objectVersion = 56;
	objects = {

/* Begin PBXBuildFile section */
		AD99D12D2938523B00642C5E /* AppIconPalette.xcassets in Resources */ = {isa = PBXBuildFile; fileRef = AD99D12C2938523B00642C5E /* AppIconPalette.xcassets */; };
		AD99D12F2938538400642C5E /* scripts in Resources */ = {isa = PBXBuildFile; fileRef = AD99D12E2938538300642C5E /* scripts */; };
		ADAF78DF2926E2F10092212E /* RuleOfThreeApp.swift in Sources */ = {isa = PBXBuildFile; fileRef = ADAF78DE2926E2F10092212E /* RuleOfThreeApp.swift */; };
		ADAF78E12926E2F10092212E /* ContentView.swift in Sources */ = {isa = PBXBuildFile; fileRef = ADAF78E02926E2F10092212E /* ContentView.swift */; };
		ADAF78E32926E2F40092212E /* Assets.xcassets in Resources */ = {isa = PBXBuildFile; fileRef = ADAF78E22926E2F40092212E /* Assets.xcassets */; };
		ADAF78E72926E2F40092212E /* Preview Assets.xcassets in Resources */ = {isa = PBXBuildFile; fileRef = ADAF78E62926E2F40092212E /* Preview Assets.xcassets */; };
		ADAF78F12926E2F50092212E /* RuleOfThreeTests.swift in Sources */ = {isa = PBXBuildFile; fileRef = ADAF78F02926E2F50092212E /* RuleOfThreeTests.swift */; };
		ADAF78FB2926E2F50092212E /* RuleOfThreeUITests.swift in Sources */ = {isa = PBXBuildFile; fileRef = ADAF78FA2926E2F50092212E /* RuleOfThreeUITests.swift */; };
		ADAF78FD2926E2F50092212E /* RuleOfThreeUITestsLaunchTests.swift in Sources */ = {isa = PBXBuildFile; fileRef = ADAF78FC2926E2F50092212E /* RuleOfThreeUITestsLaunchTests.swift */; };
/* End PBXBuildFile section */

/* Begin PBXContainerItemProxy section */
		ADAF78ED2926E2F50092212E /* PBXContainerItemProxy */ = {
			isa = PBXContainerItemProxy;
			containerPortal = ADAF78D32926E2F10092212E /* Project object */;
			proxyType = 1;
			remoteGlobalIDString = ADAF78DA2926E2F10092212E;
			remoteInfo = RuleOfThree;
		};
		ADAF78F72926E2F50092212E /* PBXContainerItemProxy */ = {
			isa = PBXContainerItemProxy;
			containerPortal = ADAF78D32926E2F10092212E /* Project object */;
			proxyType = 1;
			remoteGlobalIDString = ADAF78DA2926E2F10092212E;
			remoteInfo = RuleOfThree;
		};
/* End PBXContainerItemProxy section */

/* Begin PBXFileReference section */
		AD99D12C2938523B00642C5E /* AppIconPalette.xcassets */ = {isa = PBXFileReference; lastKnownFileType = folder.assetcatalog; path = AppIconPalette.xcassets; sourceTree = "<group>"; };
		AD99D12E2938538300642C5E /* scripts */ = {isa = PBXFileReference; lastKnownFileType = folder; path = scripts; sourceTree = "<group>"; };
		ADAF78DB2926E2F10092212E /* RuleOfThree.app */ = {isa = PBXFileReference; explicitFileType = wrapper.application; includeInIndex = 0; path = RuleOfThree.app; sourceTree = BUILT_PRODUCTS_DIR; };
		ADAF78DE2926E2F10092212E /* RuleOfThreeApp.swift */ = {isa = PBXFileReference; lastKnownFileType = sourcecode.swift; path = RuleOfThreeApp.swift; sourceTree = "<group>"; };
		ADAF78E02926E2F10092212E /* ContentView.swift */ = {isa = PBXFileReference; lastKnownFileType = sourcecode.swift; path = ContentView.swift; sourceTree = "<group>"; };
		ADAF78E22926E2F40092212E /* Assets.xcassets */ = {isa = PBXFileReference; lastKnownFileType = folder.assetcatalog; path = Assets.xcassets; sourceTree = "<group>"; };
		ADAF78E42926E2F40092212E /* RuleOfThree.entitlements */ = {isa = PBXFileReference; lastKnownFileType = text.plist.entitlements; path = RuleOfThree.entitlements; sourceTree = "<group>"; };
		ADAF78E62926E2F40092212E /* Preview Assets.xcassets */ = {isa = PBXFileReference; lastKnownFileType = folder.assetcatalog; path = "Preview Assets.xcassets"; sourceTree = "<group>"; };
		ADAF78EC2926E2F50092212E /* RuleOfThreeTests.xctest */ = {isa = PBXFileReference; explicitFileType = wrapper.cfbundle; includeInIndex = 0; path = RuleOfThreeTests.xctest; sourceTree = BUILT_PRODUCTS_DIR; };
		ADAF78F02926E2F50092212E /* RuleOfThreeTests.swift */ = {isa = PBXFileReference; lastKnownFileType = sourcecode.swift; path = RuleOfThreeTests.swift; sourceTree = "<group>"; };
		ADAF78F62926E2F50092212E /* RuleOfThreeUITests.xctest */ = {isa = PBXFileReference; explicitFileType = wrapper.cfbundle; includeInIndex = 0; path = RuleOfThreeUITests.xctest; sourceTree = BUILT_PRODUCTS_DIR; };
		ADAF78FA2926E2F50092212E /* RuleOfThreeUITests.swift */ = {isa = PBXFileReference; lastKnownFileType = sourcecode.swift; path = RuleOfThreeUITests.swift; sourceTree = "<group>"; };
		ADAF78FC2926E2F50092212E /* RuleOfThreeUITestsLaunchTests.swift */ = {isa = PBXFileReference; lastKnownFileType = sourcecode.swift; path = RuleOfThreeUITestsLaunchTests.swift; sourceTree = "<group>"; };
/* End PBXFileReference section */

/* Begin PBXFrameworksBuildPhase section */
		ADAF78D82926E2F10092212E /* Frameworks */ = {
			isa = PBXFrameworksBuildPhase;
			buildActionMask = 2147483647;
			files = (
			);
			runOnlyForDeploymentPostprocessing = 0;
		};
		ADAF78E92926E2F50092212E /* Frameworks */ = {
			isa = PBXFrameworksBuildPhase;
			buildActionMask = 2147483647;
			files = (
			);
			runOnlyForDeploymentPostprocessing = 0;
		};
		ADAF78F32926E2F50092212E /* Frameworks */ = {
			isa = PBXFrameworksBuildPhase;
			buildActionMask = 2147483647;
			files = (
			);
			runOnlyForDeploymentPostprocessing = 0;
		};
/* End PBXFrameworksBuildPhase section */

/* Begin PBXGroup section */
		ADAF78D22926E2F10092212E = {
			isa = PBXGroup;
			children = (
				ADAF78DD2926E2F10092212E /* RuleOfThree */,
				ADAF78EF2926E2F50092212E /* RuleOfThreeTests */,
				ADAF78F92926E2F50092212E /* RuleOfThreeUITests */,
				AD99D12E2938538300642C5E /* scripts */,
			);
			sourceTree = "<group>";
		};
		ADAF78DC2926E2F10092212E /* Products */ = {
			isa = PBXGroup;
			children = (
				ADAF78DB2926E2F10092212E /* RuleOfThree.app */,
				ADAF78EC2926E2F50092212E /* RuleOfThreeTests.xctest */,
				ADAF78F62926E2F50092212E /* RuleOfThreeUITests.xctest */,
			);
			name = Products;
			sourceTree = "<group>";
		};
		ADAF78DD2926E2F10092212E /* RuleOfThree */ = {
			isa = PBXGroup;
			children = (
				AD99D12C2938523B00642C5E /* AppIconPalette.xcassets */,
				ADAF78E22926E2F40092212E /* Assets.xcassets */,
				ADAF78E02926E2F10092212E /* ContentView.swift */,
				ADAF78E52926E2F40092212E /* Preview Content */,
				ADAF78E42926E2F40092212E /* RuleOfThree.entitlements */,
				ADAF78DE2926E2F10092212E /* RuleOfThreeApp.swift */,
			);
			path = RuleOfThree;
			sourceTree = "<group>";
		};
		ADAF78E52926E2F40092212E /* Preview Content */ = {
			isa = PBXGroup;
			children = (
				ADAF78E62926E2F40092212E /* Preview Assets.xcassets */,
			);
			path = "Preview Content";
			sourceTree = "<group>";
		};
		ADAF78EF2926E2F50092212E /* RuleOfThreeTests */ = {
			isa = PBXGroup;
			children = (
				ADAF78F02926E2F50092212E /* RuleOfThreeTests.swift */,
			);
			path = RuleOfThreeTests;
			sourceTree = "<group>";
		};
		ADAF78F92926E2F50092212E /* RuleOfThreeUITests */ = {
			isa = PBXGroup;
			children = (
				ADAF78FA2926E2F50092212E /* RuleOfThreeUITests.swift */,
				ADAF78FC2926E2F50092212E /* RuleOfThreeUITestsLaunchTests.swift */,
			);
			path = RuleOfThreeUITests;
			sourceTree = "<group>";
		};
/* End PBXGroup section */

/* Begin PBXNativeTarget section */
		ADAF78DA2926E2F10092212E /* RuleOfThree */ = {
			isa = PBXNativeTarget;
			buildConfigurationList = ADAF79002926E2F50092212E /* Build configuration list for PBXNativeTarget "RuleOfThree" */;
			buildPhases = (
				AD99D1302938548D00642C5E /* Generate SVG Icon, Generate PNGs From SVG, Copy PNGs to Assets Folder */,
				ADAF78D72926E2F10092212E /* Sources */,
				ADAF78D82926E2F10092212E /* Frameworks */,
				ADAF78D92926E2F10092212E /* Resources */,
			);
			buildRules = (
			);
			dependencies = (
			);
			name = RuleOfThree;
			productName = RuleOfThree;
			productReference = ADAF78DB2926E2F10092212E /* RuleOfThree.app */;
			productType = "com.apple.product-type.application";
		};
		ADAF78EB2926E2F50092212E /* RuleOfThreeTests */ = {
			isa = PBXNativeTarget;
			buildConfigurationList = ADAF79032926E2F50092212E /* Build configuration list for PBXNativeTarget "RuleOfThreeTests" */;
			buildPhases = (
				ADAF78E82926E2F50092212E /* Sources */,
				ADAF78E92926E2F50092212E /* Frameworks */,
				ADAF78EA2926E2F50092212E /* Resources */,
			);
			buildRules = (
			);
			dependencies = (
				ADAF78EE2926E2F50092212E /* PBXTargetDependency */,
			);
			name = RuleOfThreeTests;
			productName = RuleOfThreeTests;
			productReference = ADAF78EC2926E2F50092212E /* RuleOfThreeTests.xctest */;
			productType = "com.apple.product-type.bundle.unit-test";
		};
		ADAF78F52926E2F50092212E /* RuleOfThreeUITests */ = {
			isa = PBXNativeTarget;
			buildConfigurationList = ADAF79062926E2F50092212E /* Build configuration list for PBXNativeTarget "RuleOfThreeUITests" */;
			buildPhases = (
				ADAF78F22926E2F50092212E /* Sources */,
				ADAF78F32926E2F50092212E /* Frameworks */,
				ADAF78F42926E2F50092212E /* Resources */,
			);
			buildRules = (
			);
			dependencies = (
				ADAF78F82926E2F50092212E /* PBXTargetDependency */,
			);
			name = RuleOfThreeUITests;
			productName = RuleOfThreeUITests;
			productReference = ADAF78F62926E2F50092212E /* RuleOfThreeUITests.xctest */;
			productType = "com.apple.product-type.bundle.ui-testing";
		};
/* End PBXNativeTarget section */

/* Begin PBXProject section */
		ADAF78D32926E2F10092212E /* Project object */ = {
			isa = PBXProject;
			attributes = {
				BuildIndependentTargetsInParallel = 1;
				LastSwiftUpdateCheck = 1410;
				LastUpgradeCheck = 1410;
				TargetAttributes = {
					ADAF78DA2926E2F10092212E = {
						CreatedOnToolsVersion = 14.1;
					};
					ADAF78EB2926E2F50092212E = {
						CreatedOnToolsVersion = 14.1;
						TestTargetID = ADAF78DA2926E2F10092212E;
					};
					ADAF78F52926E2F50092212E = {
						CreatedOnToolsVersion = 14.1;
						TestTargetID = ADAF78DA2926E2F10092212E;
					};
				};
			};
			buildConfigurationList = ADAF78D62926E2F10092212E /* Build configuration list for PBXProject "RuleOfThree" */;
			compatibilityVersion = "Xcode 14.0";
			developmentRegion = en;
			hasScannedForEncodings = 0;
			knownRegions = (
				en,
				Base,
			);
			mainGroup = ADAF78D22926E2F10092212E;
			productRefGroup = ADAF78DC2926E2F10092212E /* Products */;
			projectDirPath = "";
			projectRoot = "";
			targets = (
				ADAF78DA2926E2F10092212E /* RuleOfThree */,
				ADAF78EB2926E2F50092212E /* RuleOfThreeTests */,
				ADAF78F52926E2F50092212E /* RuleOfThreeUITests */,
			);
		};
/* End PBXProject section */

/* Begin PBXResourcesBuildPhase section */
		ADAF78D92926E2F10092212E /* Resources */ = {
			isa = PBXResourcesBuildPhase;
			buildActionMask = 2147483647;
			files = (
				ADAF78E72926E2F40092212E /* Preview Assets.xcassets in Resources */,
				AD99D12D2938523B00642C5E /* AppIconPalette.xcassets in Resources */,
				ADAF78E32926E2F40092212E /* Assets.xcassets in Resources */,
				AD99D12F2938538400642C5E /* scripts in Resources */,
			);
			runOnlyForDeploymentPostprocessing = 0;
		};
		ADAF78EA2926E2F50092212E /* Resources */ = {
			isa = PBXResourcesBuildPhase;
			buildActionMask = 2147483647;
			files = (
			);
			runOnlyForDeploymentPostprocessing = 0;
		};
		ADAF78F42926E2F50092212E /* Resources */ = {
			isa = PBXResourcesBuildPhase;
			buildActionMask = 2147483647;
			files = (
			);
			runOnlyForDeploymentPostprocessing = 0;
		};
/* End PBXResourcesBuildPhase section */

/* Begin PBXShellScriptBuildPhase section */
		AD99D1302938548D00642C5E /* Generate SVG Icon, Generate PNGs From SVG, Copy PNGs to Assets Folder */ = {
			isa = PBXShellScriptBuildPhase;
			buildActionMask = 2147483647;
			files = (
			);
			inputFileListPaths = (
			);
			inputPaths = (
				"$(SRCROOT)/RuleOfThree/AppIconPalette.xcassets",
				"$(SRCROOT)/RuleOfThree/Assets.xcassets/AppIcon.appiconset",
				"$(SRCROOT)/RuleOfThree/*",
			);
			name = "Generate SVG Icon, Generate PNGs From SVG, Copy PNGs to Assets Folder";
			outputFileListPaths = (
			);
			outputPaths = (
				"$(SRCROOT)/scripts/output",
			);
			runOnlyForDeploymentPostprocessing = 0;
			shellPath = /bin/sh;
			shellScript = "bash scripts/IconCreator/icon-creator.sh ios\n";
		};
/* End PBXShellScriptBuildPhase section */

/* Begin PBXSourcesBuildPhase section */
		ADAF78D72926E2F10092212E /* Sources */ = {
			isa = PBXSourcesBuildPhase;
			buildActionMask = 2147483647;
			files = (
				ADAF78E12926E2F10092212E /* ContentView.swift in Sources */,
				ADAF78DF2926E2F10092212E /* RuleOfThreeApp.swift in Sources */,
			);
			runOnlyForDeploymentPostprocessing = 0;
		};
		ADAF78E82926E2F50092212E /* Sources */ = {
			isa = PBXSourcesBuildPhase;
			buildActionMask = 2147483647;
			files = (
				ADAF78F12926E2F50092212E /* RuleOfThreeTests.swift in Sources */,
			);
			runOnlyForDeploymentPostprocessing = 0;
		};
		ADAF78F22926E2F50092212E /* Sources */ = {
			isa = PBXSourcesBuildPhase;
			buildActionMask = 2147483647;
			files = (
				ADAF78FD2926E2F50092212E /* RuleOfThreeUITestsLaunchTests.swift in Sources */,
				ADAF78FB2926E2F50092212E /* RuleOfThreeUITests.swift in Sources */,
			);
			runOnlyForDeploymentPostprocessing = 0;
		};
/* End PBXSourcesBuildPhase section */

/* Begin PBXTargetDependency section */
		ADAF78EE2926E2F50092212E /* PBXTargetDependency */ = {
			isa = PBXTargetDependency;
			target = ADAF78DA2926E2F10092212E /* RuleOfThree */;
			targetProxy = ADAF78ED2926E2F50092212E /* PBXContainerItemProxy */;
		};
		ADAF78F82926E2F50092212E /* PBXTargetDependency */ = {
			isa = PBXTargetDependency;
			target = ADAF78DA2926E2F10092212E /* RuleOfThree */;
			targetProxy = ADAF78F72926E2F50092212E /* PBXContainerItemProxy */;
		};
/* End PBXTargetDependency section */

/* Begin XCBuildConfiguration section */
		ADAF78FE2926E2F50092212E /* Debug */ = {
			isa = XCBuildConfiguration;
			buildSettings = {
				ALWAYS_SEARCH_USER_PATHS = NO;
				CLANG_ANALYZER_NONNULL = YES;
				CLANG_ANALYZER_NUMBER_OBJECT_CONVERSION = YES_AGGRESSIVE;
				CLANG_CXX_LANGUAGE_STANDARD = "gnu++20";
				CLANG_ENABLE_MODULES = YES;
				CLANG_ENABLE_OBJC_ARC = YES;
				CLANG_ENABLE_OBJC_WEAK = YES;
				CLANG_WARN_BLOCK_CAPTURE_AUTORELEASING = YES;
				CLANG_WARN_BOOL_CONVERSION = YES;
				CLANG_WARN_COMMA = YES;
				CLANG_WARN_CONSTANT_CONVERSION = YES;
				CLANG_WARN_DEPRECATED_OBJC_IMPLEMENTATIONS = YES;
				CLANG_WARN_DIRECT_OBJC_ISA_USAGE = YES_ERROR;
				CLANG_WARN_DOCUMENTATION_COMMENTS = YES;
				CLANG_WARN_EMPTY_BODY = YES;
				CLANG_WARN_ENUM_CONVERSION = YES;
				CLANG_WARN_INFINITE_RECURSION = YES;
				CLANG_WARN_INT_CONVERSION = YES;
				CLANG_WARN_NON_LITERAL_NULL_CONVERSION = YES;
				CLANG_WARN_OBJC_IMPLICIT_RETAIN_SELF = YES;
				CLANG_WARN_OBJC_LITERAL_CONVERSION = YES;
				CLANG_WARN_OBJC_ROOT_CLASS = YES_ERROR;
				CLANG_WARN_QUOTED_INCLUDE_IN_FRAMEWORK_HEADER = YES;
				CLANG_WARN_RANGE_LOOP_ANALYSIS = YES;
				CLANG_WARN_STRICT_PROTOTYPES = YES;
				CLANG_WARN_SUSPICIOUS_MOVE = YES;
				CLANG_WARN_UNGUARDED_AVAILABILITY = YES_AGGRESSIVE;
				CLANG_WARN_UNREACHABLE_CODE = YES;
				CLANG_WARN__DUPLICATE_METHOD_MATCH = YES;
				COPY_PHASE_STRIP = NO;
				DEBUG_INFORMATION_FORMAT = dwarf;
				ENABLE_STRICT_OBJC_MSGSEND = YES;
				ENABLE_TESTABILITY = YES;
				GCC_C_LANGUAGE_STANDARD = gnu11;
				GCC_DYNAMIC_NO_PIC = NO;
				GCC_NO_COMMON_BLOCKS = YES;
				GCC_OPTIMIZATION_LEVEL = 0;
				GCC_PREPROCESSOR_DEFINITIONS = (
					"DEBUG=1",
					"$(inherited)",
				);
				GCC_WARN_64_TO_32_BIT_CONVERSION = YES;
				GCC_WARN_ABOUT_RETURN_TYPE = YES_ERROR;
				GCC_WARN_UNDECLARED_SELECTOR = YES;
				GCC_WARN_UNINITIALIZED_AUTOS = YES_AGGRESSIVE;
				GCC_WARN_UNUSED_FUNCTION = YES;
				GCC_WARN_UNUSED_VARIABLE = YES;
				MTL_ENABLE_DEBUG_INFO = INCLUDE_SOURCE;
				MTL_FAST_MATH = YES;
				ONLY_ACTIVE_ARCH = YES;
				SWIFT_ACTIVE_COMPILATION_CONDITIONS = DEBUG;
				SWIFT_OPTIMIZATION_LEVEL = "-Onone";
			};
			name = Debug;
		};
		ADAF78FF2926E2F50092212E /* Release */ = {
			isa = XCBuildConfiguration;
			buildSettings = {
				ALWAYS_SEARCH_USER_PATHS = NO;
				CLANG_ANALYZER_NONNULL = YES;
				CLANG_ANALYZER_NUMBER_OBJECT_CONVERSION = YES_AGGRESSIVE;
				CLANG_CXX_LANGUAGE_STANDARD = "gnu++20";
				CLANG_ENABLE_MODULES = YES;
				CLANG_ENABLE_OBJC_ARC = YES;
				CLANG_ENABLE_OBJC_WEAK = YES;
				CLANG_WARN_BLOCK_CAPTURE_AUTORELEASING = YES;
				CLANG_WARN_BOOL_CONVERSION = YES;
				CLANG_WARN_COMMA = YES;
				CLANG_WARN_CONSTANT_CONVERSION = YES;
				CLANG_WARN_DEPRECATED_OBJC_IMPLEMENTATIONS = YES;
				CLANG_WARN_DIRECT_OBJC_ISA_USAGE = YES_ERROR;
				CLANG_WARN_DOCUMENTATION_COMMENTS = YES;
				CLANG_WARN_EMPTY_BODY = YES;
				CLANG_WARN_ENUM_CONVERSION = YES;
				CLANG_WARN_INFINITE_RECURSION = YES;
				CLANG_WARN_INT_CONVERSION = YES;
				CLANG_WARN_NON_LITERAL_NULL_CONVERSION = YES;
				CLANG_WARN_OBJC_IMPLICIT_RETAIN_SELF = YES;
				CLANG_WARN_OBJC_LITERAL_CONVERSION = YES;
				CLANG_WARN_OBJC_ROOT_CLASS = YES_ERROR;
				CLANG_WARN_QUOTED_INCLUDE_IN_FRAMEWORK_HEADER = YES;
				CLANG_WARN_RANGE_LOOP_ANALYSIS = YES;
				CLANG_WARN_STRICT_PROTOTYPES = YES;
				CLANG_WARN_SUSPICIOUS_MOVE = YES;
				CLANG_WARN_UNGUARDED_AVAILABILITY = YES_AGGRESSIVE;
				CLANG_WARN_UNREACHABLE_CODE = YES;
				CLANG_WARN__DUPLICATE_METHOD_MATCH = YES;
				COPY_PHASE_STRIP = NO;
				DEBUG_INFORMATION_FORMAT = "dwarf-with-dsym";
				ENABLE_NS_ASSERTIONS = NO;
				ENABLE_STRICT_OBJC_MSGSEND = YES;
				GCC_C_LANGUAGE_STANDARD = gnu11;
				GCC_NO_COMMON_BLOCKS = YES;
				GCC_WARN_64_TO_32_BIT_CONVERSION = YES;
				GCC_WARN_ABOUT_RETURN_TYPE = YES_ERROR;
				GCC_WARN_UNDECLARED_SELECTOR = YES;
				GCC_WARN_UNINITIALIZED_AUTOS = YES_AGGRESSIVE;
				GCC_WARN_UNUSED_FUNCTION = YES;
				GCC_WARN_UNUSED_VARIABLE = YES;
				MTL_ENABLE_DEBUG_INFO = NO;
				MTL_FAST_MATH = YES;
				SWIFT_COMPILATION_MODE = wholemodule;
				SWIFT_OPTIMIZATION_LEVEL = "-O";
			};
			name = Release;
		};
		ADAF79012926E2F50092212E /* Debug */ = {
			isa = XCBuildConfiguration;
			buildSettings = {
				ASSETCATALOG_COMPILER_APPICON_NAME = AppIcon;
				ASSETCATALOG_COMPILER_GLOBAL_ACCENT_COLOR_NAME = AccentColor;
				CODE_SIGN_ENTITLEMENTS = RuleOfThree/RuleOfThree.entitlements;
				CODE_SIGN_STYLE = Automatic;
				CURRENT_PROJECT_VERSION = 1;
				DEVELOPMENT_ASSET_PATHS = "\"RuleOfThree/Preview Content\"";
				DEVELOPMENT_TEAM = 3N272GBMGD;
				ENABLE_HARDENED_RUNTIME = YES;
				ENABLE_PREVIEWS = YES;
				GENERATE_INFOPLIST_FILE = YES;
				"INFOPLIST_KEY_UIApplicationSceneManifest_Generation[sdk=iphoneos*]" = YES;
				"INFOPLIST_KEY_UIApplicationSceneManifest_Generation[sdk=iphonesimulator*]" = YES;
				"INFOPLIST_KEY_UIApplicationSupportsIndirectInputEvents[sdk=iphoneos*]" = YES;
				"INFOPLIST_KEY_UIApplicationSupportsIndirectInputEvents[sdk=iphonesimulator*]" = YES;
				"INFOPLIST_KEY_UILaunchScreen_Generation[sdk=iphoneos*]" = YES;
				"INFOPLIST_KEY_UILaunchScreen_Generation[sdk=iphonesimulator*]" = YES;
				"INFOPLIST_KEY_UIStatusBarStyle[sdk=iphoneos*]" = UIStatusBarStyleDefault;
				"INFOPLIST_KEY_UIStatusBarStyle[sdk=iphonesimulator*]" = UIStatusBarStyleDefault;
				INFOPLIST_KEY_UISupportedInterfaceOrientations_iPad = "UIInterfaceOrientationPortrait UIInterfaceOrientationPortraitUpsideDown UIInterfaceOrientationLandscapeLeft UIInterfaceOrientationLandscapeRight";
				INFOPLIST_KEY_UISupportedInterfaceOrientations_iPhone = "UIInterfaceOrientationPortrait UIInterfaceOrientationLandscapeLeft UIInterfaceOrientationLandscapeRight";
				IPHONEOS_DEPLOYMENT_TARGET = 16.1;
				LD_RUNPATH_SEARCH_PATHS = "@executable_path/Frameworks";
				"LD_RUNPATH_SEARCH_PATHS[sdk=macosx*]" = "@executable_path/../Frameworks";
				MACOSX_DEPLOYMENT_TARGET = 12.6;
				MARKETING_VERSION = 1.0;
				PRODUCT_BUNDLE_IDENTIFIER = io.schiar.RuleOfThree;
				PRODUCT_NAME = "$(TARGET_NAME)";
				SDKROOT = auto;
				SUPPORTED_PLATFORMS = "iphoneos iphonesimulator macosx";
				SWIFT_EMIT_LOC_STRINGS = YES;
				SWIFT_VERSION = 5.0;
				TARGETED_DEVICE_FAMILY = "1,2";
			};
			name = Debug;
		};
		ADAF79022926E2F50092212E /* Release */ = {
			isa = XCBuildConfiguration;
			buildSettings = {
				ASSETCATALOG_COMPILER_APPICON_NAME = AppIcon;
				ASSETCATALOG_COMPILER_GLOBAL_ACCENT_COLOR_NAME = AccentColor;
				CODE_SIGN_ENTITLEMENTS = RuleOfThree/RuleOfThree.entitlements;
				CODE_SIGN_STYLE = Automatic;
				CURRENT_PROJECT_VERSION = 1;
				DEVELOPMENT_ASSET_PATHS = "\"RuleOfThree/Preview Content\"";
				DEVELOPMENT_TEAM = 3N272GBMGD;
				ENABLE_HARDENED_RUNTIME = YES;
				ENABLE_PREVIEWS = YES;
				GENERATE_INFOPLIST_FILE = YES;
				"INFOPLIST_KEY_UIApplicationSceneManifest_Generation[sdk=iphoneos*]" = YES;
				"INFOPLIST_KEY_UIApplicationSceneManifest_Generation[sdk=iphonesimulator*]" = YES;
				"INFOPLIST_KEY_UIApplicationSupportsIndirectInputEvents[sdk=iphoneos*]" = YES;
				"INFOPLIST_KEY_UIApplicationSupportsIndirectInputEvents[sdk=iphonesimulator*]" = YES;
				"INFOPLIST_KEY_UILaunchScreen_Generation[sdk=iphoneos*]" = YES;
				"INFOPLIST_KEY_UILaunchScreen_Generation[sdk=iphonesimulator*]" = YES;
				"INFOPLIST_KEY_UIStatusBarStyle[sdk=iphoneos*]" = UIStatusBarStyleDefault;
				"INFOPLIST_KEY_UIStatusBarStyle[sdk=iphonesimulator*]" = UIStatusBarStyleDefault;
				INFOPLIST_KEY_UISupportedInterfaceOrientations_iPad = "UIInterfaceOrientationPortrait UIInterfaceOrientationPortraitUpsideDown UIInterfaceOrientationLandscapeLeft UIInterfaceOrientationLandscapeRight";
				INFOPLIST_KEY_UISupportedInterfaceOrientations_iPhone = "UIInterfaceOrientationPortrait UIInterfaceOrientationLandscapeLeft UIInterfaceOrientationLandscapeRight";
				IPHONEOS_DEPLOYMENT_TARGET = 16.1;
				LD_RUNPATH_SEARCH_PATHS = "@executable_path/Frameworks";
				"LD_RUNPATH_SEARCH_PATHS[sdk=macosx*]" = "@executable_path/../Frameworks";
				MACOSX_DEPLOYMENT_TARGET = 12.6;
				MARKETING_VERSION = 1.0;
				PRODUCT_BUNDLE_IDENTIFIER = io.schiar.RuleOfThree;
				PRODUCT_NAME = "$(TARGET_NAME)";
				SDKROOT = auto;
				SUPPORTED_PLATFORMS = "iphoneos iphonesimulator macosx";
				SWIFT_EMIT_LOC_STRINGS = YES;
				SWIFT_VERSION = 5.0;
				TARGETED_DEVICE_FAMILY = "1,2";
			};
			name = Release;
		};
		ADAF79042926E2F50092212E /* Debug */ = {
			isa = XCBuildConfiguration;
			buildSettings = {
				ALWAYS_EMBED_SWIFT_STANDARD_LIBRARIES = YES;
				BUNDLE_LOADER = "$(TEST_HOST)";
				CODE_SIGN_STYLE = Automatic;
				CURRENT_PROJECT_VERSION = 1;
				DEVELOPMENT_TEAM = 3N272GBMGD;
				GENERATE_INFOPLIST_FILE = YES;
				IPHONEOS_DEPLOYMENT_TARGET = 16.1;
				MACOSX_DEPLOYMENT_TARGET = 12.6;
				MARKETING_VERSION = 1.0;
				PRODUCT_BUNDLE_IDENTIFIER = io.schiar.RuleOfThreeTests;
				PRODUCT_NAME = "$(TARGET_NAME)";
				SDKROOT = auto;
				SUPPORTED_PLATFORMS = "iphoneos iphonesimulator macosx";
				SWIFT_EMIT_LOC_STRINGS = NO;
				SWIFT_VERSION = 5.0;
				TARGETED_DEVICE_FAMILY = "1,2";
				TEST_HOST = "$(BUILT_PRODUCTS_DIR)/RuleOfThree.app/$(BUNDLE_EXECUTABLE_FOLDER_PATH)/RuleOfThree";
			};
			name = Debug;
		};
		ADAF79052926E2F50092212E /* Release */ = {
			isa = XCBuildConfiguration;
			buildSettings = {
				ALWAYS_EMBED_SWIFT_STANDARD_LIBRARIES = YES;
				BUNDLE_LOADER = "$(TEST_HOST)";
				CODE_SIGN_STYLE = Automatic;
				CURRENT_PROJECT_VERSION = 1;
				DEVELOPMENT_TEAM = 3N272GBMGD;
				GENERATE_INFOPLIST_FILE = YES;
				IPHONEOS_DEPLOYMENT_TARGET = 16.1;
				MACOSX_DEPLOYMENT_TARGET = 12.6;
				MARKETING_VERSION = 1.0;
				PRODUCT_BUNDLE_IDENTIFIER = io.schiar.RuleOfThreeTests;
				PRODUCT_NAME = "$(TARGET_NAME)";
				SDKROOT = auto;
				SUPPORTED_PLATFORMS = "iphoneos iphonesimulator macosx";
				SWIFT_EMIT_LOC_STRINGS = NO;
				SWIFT_VERSION = 5.0;
				TARGETED_DEVICE_FAMILY = "1,2";
				TEST_HOST = "$(BUILT_PRODUCTS_DIR)/RuleOfThree.app/$(BUNDLE_EXECUTABLE_FOLDER_PATH)/RuleOfThree";
			};
			name = Release;
		};
		ADAF79072926E2F50092212E /* Debug */ = {
			isa = XCBuildConfiguration;
			buildSettings = {
				ALWAYS_EMBED_SWIFT_STANDARD_LIBRARIES = YES;
				CODE_SIGN_STYLE = Automatic;
				CURRENT_PROJECT_VERSION = 1;
				DEVELOPMENT_TEAM = 3N272GBMGD;
				GENERATE_INFOPLIST_FILE = YES;
				IPHONEOS_DEPLOYMENT_TARGET = 16.1;
				MACOSX_DEPLOYMENT_TARGET = 12.6;
				MARKETING_VERSION = 1.0;
				PRODUCT_BUNDLE_IDENTIFIER = io.schiar.RuleOfThreeUITests;
				PRODUCT_NAME = "$(TARGET_NAME)";
				SDKROOT = auto;
				SUPPORTED_PLATFORMS = "iphoneos iphonesimulator macosx";
				SWIFT_EMIT_LOC_STRINGS = NO;
				SWIFT_VERSION = 5.0;
				TARGETED_DEVICE_FAMILY = "1,2";
				TEST_TARGET_NAME = RuleOfThree;
			};
			name = Debug;
		};
		ADAF79082926E2F50092212E /* Release */ = {
			isa = XCBuildConfiguration;
			buildSettings = {
				ALWAYS_EMBED_SWIFT_STANDARD_LIBRARIES = YES;
				CODE_SIGN_STYLE = Automatic;
				CURRENT_PROJECT_VERSION = 1;
				DEVELOPMENT_TEAM = 3N272GBMGD;
				GENERATE_INFOPLIST_FILE = YES;
				IPHONEOS_DEPLOYMENT_TARGET = 16.1;
				MACOSX_DEPLOYMENT_TARGET = 12.6;
				MARKETING_VERSION = 1.0;
				PRODUCT_BUNDLE_IDENTIFIER = io.schiar.RuleOfThreeUITests;
				PRODUCT_NAME = "$(TARGET_NAME)";
				SDKROOT = auto;
				SUPPORTED_PLATFORMS = "iphoneos iphonesimulator macosx";
				SWIFT_EMIT_LOC_STRINGS = NO;
				SWIFT_VERSION = 5.0;
				TARGETED_DEVICE_FAMILY = "1,2";
				TEST_TARGET_NAME = RuleOfThree;
			};
			name = Release;
		};
/* End XCBuildConfiguration section */

/* Begin XCConfigurationList section */
		ADAF78D62926E2F10092212E /* Build configuration list for PBXProject "RuleOfThree" */ = {
			isa = XCConfigurationList;
			buildConfigurations = (
				ADAF78FE2926E2F50092212E /* Debug */,
				ADAF78FF2926E2F50092212E /* Release */,
			);
			defaultConfigurationIsVisible = 0;
			defaultConfigurationName = Release;
		};
		ADAF79002926E2F50092212E /* Build configuration list for PBXNativeTarget "RuleOfThree" */ = {
			isa = XCConfigurationList;
			buildConfigurations = (
				ADAF79012926E2F50092212E /* Debug */,
				ADAF79022926E2F50092212E /* Release */,
			);
			defaultConfigurationIsVisible = 0;
			defaultConfigurationName = Release;
		};
		ADAF79032926E2F50092212E /* Build configuration list for PBXNativeTarget "RuleOfThreeTests" */ = {
			isa = XCConfigurationList;
			buildConfigurations = (
				ADAF79042926E2F50092212E /* Debug */,
				ADAF79052926E2F50092212E /* Release */,
			);
			defaultConfigurationIsVisible = 0;
			defaultConfigurationName = Release;
		};
		ADAF79062926E2F50092212E /* Build configuration list for PBXNativeTarget "RuleOfThreeUITests" */ = {
			isa = XCConfigurationList;
			buildConfigurations = (
				ADAF79072926E2F50092212E /* Debug */,
				ADAF79082926E2F50092212E /* Release */,
			);
			defaultConfigurationIsVisible = 0;
			defaultConfigurationName = Release;
		};
/* End XCConfigurationList section */
	};
	rootObject = ADAF78D32926E2F10092212E /* Project object */;
}
